{
  "name": "SkibidiParlor",
  "lockfileVersion": 3,
  "requires": true,
  "packages": {
    "": {
      "dependencies": {
        "@trpc/client": "^11.0.4",
        "@trpc/server": "^11.0.4"
      }
    },
    "node_modules/@trpc/client": {
      "version": "11.0.4",
      "resolved": "https://registry.npmjs.org/@trpc/client/-/client-11.0.4.tgz",
      "integrity": "sha512-2xIXqRNc8wH3zgcGp1yZ8P2ZL15BoFWq2RS8S3ldjvxsdJfnoYmcvCNzySw8nIrWbKiXl9prdw+bGIUOdG/omw==",
      "funding": [
        "https://trpc.io/sponsor"
      ],
      "license": "MIT",
      "peerDependencies": {
        "@trpc/server": "11.0.4",
        "typescript": ">=5.7.2"
      }
    },
    "node_modules/@trpc/server": {
      "version": "11.0.4",
      "resolved": "https://registry.npmjs.org/@trpc/server/-/server-11.0.4.tgz",
      "integrity": "sha512-beDEGEw+slNiYxLUpZ8HKU1mnZBoP/VLMtrKh2ABKl7VC0PQV9XcDMVjB0GcSW15nTSiOnGDGyFDeudp4dH2qw==",
      "funding": [
        "https://trpc.io/sponsor"
      ],
      "license": "MIT",
      "peerDependencies": {
        "typescript": ">=5.7.2"
      }
    },
    "node_modules/typescript": {
      "version": "5.8.3",
      "resolved": "https://registry.npmjs.org/typescript/-/typescript-5.8.3.tgz",
      "integrity": "sha512-p1diW6TqL9L07nNxvRMM7hMMw4c5XOo/1ibL4aAIGmSAt9slTE1Xgw5KWuof2uTOvCg9BY7ZRi+GaF+7sfgPeQ==",
      "license": "Apache-2.0",
      "peer": true,
      "bin": {
        "tsc": "bin/tsc",
        "tsserver": "bin/tsserver"
      },
      "engines": {
        "node": ">=14.17"
      }
    }
  }
}
